
Microsoft Visual Studio Solution File, Format Version 12.00
# Visual Studio 15
VisualStudioVersion = 15.0.27703.2047
MinimumVisualStudioVersion = 10.0.40219.1
Project("{FAE04EC0-301F-11D3-BF4B-00C04F79EFBC}") = "AspNetVS2017.Capitulo01.Variaveis", "AspNetVS2017.Capitulo01.Variaveis\AspNetVS2017.Capitulo01.Variaveis.csproj", "{7A0E6BE4-01EE-4DE4-A178-50088C84EC78}"
EndProject
Project("{FAE04EC0-301F-11D3-BF4B-00C04F79EFBC}") = "AspNetVS2017.Capitulo01.Troco", "AspNetVS2017.Capitulo01.Troco\AspNetVS2017.Capitulo01.Troco.csproj", "{AF402B08-3CD9-468F-ACDA-C95DECE4D786}"
EndProject
Project("{FAE04EC0-301F-11D3-BF4B-00C04F79EFBC}") = "AspNetVS2017.Capitulo01.Calculo.Frete", "AspNetVS2017.Capitulo01.Calculo.Frete\AspNetVS2017.Capitulo01.Calculo.Frete.csproj", "{A9C18379-01FE-4A8E-A7C4-89480F53BCD5}"
EndProject
Project("{FAE04EC0-301F-11D3-BF4B-00C04F79EFBC}") = "AspNetVS2017.Capitulo01.Repeticao.Testes", "AspNetVS2017.Capitulo01.Repeticao.Testes\AspNetVS2017.Capitulo01.Repeticao.Testes.csproj", "{290F8C47-59B1-4C26-81C5-4832C03D9F3A}"
EndProject
Project("{FAE04EC0-301F-11D3-BF4B-00C04F79EFBC}") = "AspNetVS2017.Capitulo01.VetoresColecoes.Testes", "AspNetVS2017.Capitulo01.VetoresColecoes.Testes\AspNetVS2017.Capitulo01.VetoresColecoes.Testes.csproj", "{1663F58D-A2FC-4F01-BEA8-D38A65A36964}"
EndProject
Project("{2150E333-8FDC-42A3-9474-1A3956D46DE8}") = "Oficina", "Oficina", "{A1272F36-F84A-42E1-9503-F53CBAD097C6}"
EndProject
Project("{FAE04EC0-301F-11D3-BF4B-00C04F79EFBC}") = "Oficina.Dominio", "Oficina.Dominio\Oficina.Dominio.csproj", "{8A1E44F1-0F9E-4B8E-98AE-335B3A37084E}"
EndProject
Project("{FAE04EC0-301F-11D3-BF4B-00C04F79EFBC}") = "Oficina.Repositorios.SistemaArquivos", "Oficina.Repositorios\Oficina.Repositorios.SistemaArquivos.csproj", "{9BC9C0B8-8180-43B2-8603-8CFD5135D243}"
EndProject
Project("{FAE04EC0-301F-11D3-BF4B-00C04F79EFBC}") = "Oficina.Repositorios.SistemaArquivosTests", "Oficina.Repositorios.SistemaArquivosTests\Oficina.Repositorios.SistemaArquivosTests.csproj", "{B3643DAC-328F-49EC-BB40-7DA1F3152B2C}"
EndProject
Project("{FAE04EC0-301F-11D3-BF4B-00C04F79EFBC}") = "Oficina.WebPages", "Oficina.WebPages\Oficina.WebPages.csproj", "{11348958-58B4-45B1-97B3-9568CF68AB6F}"
EndProject
Project("{FAE04EC0-301F-11D3-BF4B-00C04F79EFBC}") = "AspNetVS2017.Captiulo03.PortFolio", "AspNetVS2017.Captiulo03.PortFolio\AspNetVS2017.Captiulo03.PortFolio.csproj", "{AB2D5A91-D210-47CA-8E3B-6CE398449D47}"
EndProject
Project("{2150E333-8FDC-42A3-9474-1A3956D46DE8}") = "Portfolio", "Portfolio", "{CA61633B-E00F-4E64-A9AD-0E0631E3F14E}"
EndProject
Project("{00D1A9C2-B5F0-4AF3-8072-F6C62B433612}") = "Portfolio.Database", "Portfolio.Database\Portfolio.Database.sqlproj", "{AD481E43-388D-496D-960B-8666B4348ED6}"
EndProject
Project("{2150E333-8FDC-42A3-9474-1A3956D46DE8}") = "ViagensOnline", "ViagensOnline", "{7C294925-FAF2-411E-A7BC-9569F9B27C6F}"
EndProject
Project("{FAE04EC0-301F-11D3-BF4B-00C04F79EFBC}") = "ViagensOnline.Dominio", "ViagensOnline.Dominio\ViagensOnline.Dominio.csproj", "{2ED0DBDB-73E4-4C1C-8CE7-D3A8005296B5}"
EndProject
Project("{FAE04EC0-301F-11D3-BF4B-00C04F79EFBC}") = "ViagensOnline.Repositoris.SqlServer", "ViagensOnline.Repositoris.SqlServer\ViagensOnline.Repositoris.SqlServer.csproj", "{F1A982A7-2ADB-40F7-8916-02FCD8AE887C}"
EndProject
Project("{FAE04EC0-301F-11D3-BF4B-00C04F79EFBC}") = "ViagensOnline.Repositoris.SqlServerTests", "ViagensOnline.Repositoris.SqlServerTests\ViagensOnline.Repositoris.SqlServerTests.csproj", "{93D46FD0-EEFB-4332-AA47-8FB32FC1DEE6}"
EndProject
Project("{FAE04EC0-301F-11D3-BF4B-00C04F79EFBC}") = "ViagensOnline.Mvc", "ViagensOnline.Mvc\ViagensOnline.Mvc.csproj", "{2ABA58F6-FAA5-45D8-897C-E3268D6BE47C}"
EndProject
Global
	GlobalSection(SolutionConfigurationPlatforms) = preSolution
		Debug|Any CPU = Debug|Any CPU
		Release|Any CPU = Release|Any CPU
	EndGlobalSection
	GlobalSection(ProjectConfigurationPlatforms) = postSolution
		{7A0E6BE4-01EE-4DE4-A178-50088C84EC78}.Debug|Any CPU.ActiveCfg = Debug|Any CPU
		{7A0E6BE4-01EE-4DE4-A178-50088C84EC78}.Debug|Any CPU.Build.0 = Debug|Any CPU
		{7A0E6BE4-01EE-4DE4-A178-50088C84EC78}.Release|Any CPU.ActiveCfg = Release|Any CPU
		{7A0E6BE4-01EE-4DE4-A178-50088C84EC78}.Release|Any CPU.Build.0 = Release|Any CPU
		{AF402B08-3CD9-468F-ACDA-C95DECE4D786}.Debug|Any CPU.ActiveCfg = Debug|Any CPU
		{AF402B08-3CD9-468F-ACDA-C95DECE4D786}.Debug|Any CPU.Build.0 = Debug|Any CPU
		{AF402B08-3CD9-468F-ACDA-C95DECE4D786}.Release|Any CPU.ActiveCfg = Release|Any CPU
		{AF402B08-3CD9-468F-ACDA-C95DECE4D786}.Release|Any CPU.Build.0 = Release|Any CPU
		{A9C18379-01FE-4A8E-A7C4-89480F53BCD5}.Debug|Any CPU.ActiveCfg = Debug|Any CPU
		{A9C18379-01FE-4A8E-A7C4-89480F53BCD5}.Debug|Any CPU.Build.0 = Debug|Any CPU
		{A9C18379-01FE-4A8E-A7C4-89480F53BCD5}.Release|Any CPU.ActiveCfg = Release|Any CPU
		{A9C18379-01FE-4A8E-A7C4-89480F53BCD5}.Release|Any CPU.Build.0 = Release|Any CPU
		{290F8C47-59B1-4C26-81C5-4832C03D9F3A}.Debug|Any CPU.ActiveCfg = Debug|Any CPU
		{290F8C47-59B1-4C26-81C5-4832C03D9F3A}.Debug|Any CPU.Build.0 = Debug|Any CPU
		{290F8C47-59B1-4C26-81C5-4832C03D9F3A}.Release|Any CPU.ActiveCfg = Release|Any CPU
		{290F8C47-59B1-4C26-81C5-4832C03D9F3A}.Release|Any CPU.Build.0 = Release|Any CPU
		{1663F58D-A2FC-4F01-BEA8-D38A65A36964}.Debug|Any CPU.ActiveCfg = Debug|Any CPU
		{1663F58D-A2FC-4F01-BEA8-D38A65A36964}.Debug|Any CPU.Build.0 = Debug|Any CPU
		{1663F58D-A2FC-4F01-BEA8-D38A65A36964}.Release|Any CPU.ActiveCfg = Release|Any CPU
		{1663F58D-A2FC-4F01-BEA8-D38A65A36964}.Release|Any CPU.Build.0 = Release|Any CPU
		{8A1E44F1-0F9E-4B8E-98AE-335B3A37084E}.Debug|Any CPU.ActiveCfg = Debug|Any CPU
		{8A1E44F1-0F9E-4B8E-98AE-335B3A37084E}.Debug|Any CPU.Build.0 = Debug|Any CPU
		{8A1E44F1-0F9E-4B8E-98AE-335B3A37084E}.Release|Any CPU.ActiveCfg = Release|Any CPU
		{8A1E44F1-0F9E-4B8E-98AE-335B3A37084E}.Release|Any CPU.Build.0 = Release|Any CPU
		{9BC9C0B8-8180-43B2-8603-8CFD5135D243}.Debug|Any CPU.ActiveCfg = Debug|Any CPU
		{9BC9C0B8-8180-43B2-8603-8CFD5135D243}.Debug|Any CPU.Build.0 = Debug|Any CPU
		{9BC9C0B8-8180-43B2-8603-8CFD5135D243}.Release|Any CPU.ActiveCfg = Release|Any CPU
		{9BC9C0B8-8180-43B2-8603-8CFD5135D243}.Release|Any CPU.Build.0 = Release|Any CPU
		{B3643DAC-328F-49EC-BB40-7DA1F3152B2C}.Debug|Any CPU.ActiveCfg = Debug|Any CPU
		{B3643DAC-328F-49EC-BB40-7DA1F3152B2C}.Debug|Any CPU.Build.0 = Debug|Any CPU
		{B3643DAC-328F-49EC-BB40-7DA1F3152B2C}.Release|Any CPU.ActiveCfg = Release|Any CPU
		{B3643DAC-328F-49EC-BB40-7DA1F3152B2C}.Release|Any CPU.Build.0 = Release|Any CPU
		{11348958-58B4-45B1-97B3-9568CF68AB6F}.Debug|Any CPU.ActiveCfg = Debug|Any CPU
		{11348958-58B4-45B1-97B3-9568CF68AB6F}.Debug|Any CPU.Build.0 = Debug|Any CPU
		{11348958-58B4-45B1-97B3-9568CF68AB6F}.Release|Any CPU.ActiveCfg = Release|Any CPU
		{11348958-58B4-45B1-97B3-9568CF68AB6F}.Release|Any CPU.Build.0 = Release|Any CPU
		{AB2D5A91-D210-47CA-8E3B-6CE398449D47}.Debug|Any CPU.ActiveCfg = Debug|Any CPU
		{AB2D5A91-D210-47CA-8E3B-6CE398449D47}.Debug|Any CPU.Build.0 = Debug|Any CPU
		{AB2D5A91-D210-47CA-8E3B-6CE398449D47}.Release|Any CPU.ActiveCfg = Release|Any CPU
		{AB2D5A91-D210-47CA-8E3B-6CE398449D47}.Release|Any CPU.Build.0 = Release|Any CPU
		{AD481E43-388D-496D-960B-8666B4348ED6}.Debug|Any CPU.ActiveCfg = Debug|Any CPU
		{AD481E43-388D-496D-960B-8666B4348ED6}.Debug|Any CPU.Build.0 = Debug|Any CPU
		{AD481E43-388D-496D-960B-8666B4348ED6}.Debug|Any CPU.Deploy.0 = Debug|Any CPU
		{AD481E43-388D-496D-960B-8666B4348ED6}.Release|Any CPU.ActiveCfg = Release|Any CPU
		{AD481E43-388D-496D-960B-8666B4348ED6}.Release|Any CPU.Build.0 = Release|Any CPU
		{AD481E43-388D-496D-960B-8666B4348ED6}.Release|Any CPU.Deploy.0 = Release|Any CPU
		{2ED0DBDB-73E4-4C1C-8CE7-D3A8005296B5}.Debug|Any CPU.ActiveCfg = Debug|Any CPU
		{2ED0DBDB-73E4-4C1C-8CE7-D3A8005296B5}.Debug|Any CPU.Build.0 = Debug|Any CPU
		{2ED0DBDB-73E4-4C1C-8CE7-D3A8005296B5}.Release|Any CPU.ActiveCfg = Release|Any CPU
		{2ED0DBDB-73E4-4C1C-8CE7-D3A8005296B5}.Release|Any CPU.Build.0 = Release|Any CPU
		{F1A982A7-2ADB-40F7-8916-02FCD8AE887C}.Debug|Any CPU.ActiveCfg = Debug|Any CPU
		{F1A982A7-2ADB-40F7-8916-02FCD8AE887C}.Debug|Any CPU.Build.0 = Debug|Any CPU
		{F1A982A7-2ADB-40F7-8916-02FCD8AE887C}.Release|Any CPU.ActiveCfg = Release|Any CPU
		{F1A982A7-2ADB-40F7-8916-02FCD8AE887C}.Release|Any CPU.Build.0 = Release|Any CPU
		{93D46FD0-EEFB-4332-AA47-8FB32FC1DEE6}.Debug|Any CPU.ActiveCfg = Debug|Any CPU
		{93D46FD0-EEFB-4332-AA47-8FB32FC1DEE6}.Debug|Any CPU.Build.0 = Debug|Any CPU
		{93D46FD0-EEFB-4332-AA47-8FB32FC1DEE6}.Release|Any CPU.ActiveCfg = Release|Any CPU
		{93D46FD0-EEFB-4332-AA47-8FB32FC1DEE6}.Release|Any CPU.Build.0 = Release|Any CPU
		{2ABA58F6-FAA5-45D8-897C-E3268D6BE47C}.Debug|Any CPU.ActiveCfg = Debug|Any CPU
		{2ABA58F6-FAA5-45D8-897C-E3268D6BE47C}.Debug|Any CPU.Build.0 = Debug|Any CPU
		{2ABA58F6-FAA5-45D8-897C-E3268D6BE47C}.Release|Any CPU.ActiveCfg = Release|Any CPU
		{2ABA58F6-FAA5-45D8-897C-E3268D6BE47C}.Release|Any CPU.Build.0 = Release|Any CPU
	EndGlobalSection
	GlobalSection(SolutionProperties) = preSolution
		HideSolutionNode = FALSE
	EndGlobalSection
	GlobalSection(NestedProjects) = preSolution
		{8A1E44F1-0F9E-4B8E-98AE-335B3A37084E} = {A1272F36-F84A-42E1-9503-F53CBAD097C6}
		{9BC9C0B8-8180-43B2-8603-8CFD5135D243} = {A1272F36-F84A-42E1-9503-F53CBAD097C6}
		{B3643DAC-328F-49EC-BB40-7DA1F3152B2C} = {A1272F36-F84A-42E1-9503-F53CBAD097C6}
		{11348958-58B4-45B1-97B3-9568CF68AB6F} = {A1272F36-F84A-42E1-9503-F53CBAD097C6}
		{AB2D5A91-D210-47CA-8E3B-6CE398449D47} = {CA61633B-E00F-4E64-A9AD-0E0631E3F14E}
		{AD481E43-388D-496D-960B-8666B4348ED6} = {CA61633B-E00F-4E64-A9AD-0E0631E3F14E}
		{2ED0DBDB-73E4-4C1C-8CE7-D3A8005296B5} = {7C294925-FAF2-411E-A7BC-9569F9B27C6F}
		{F1A982A7-2ADB-40F7-8916-02FCD8AE887C} = {7C294925-FAF2-411E-A7BC-9569F9B27C6F}
		{93D46FD0-EEFB-4332-AA47-8FB32FC1DEE6} = {7C294925-FAF2-411E-A7BC-9569F9B27C6F}
		{2ABA58F6-FAA5-45D8-897C-E3268D6BE47C} = {7C294925-FAF2-411E-A7BC-9569F9B27C6F}
	EndGlobalSection
	GlobalSection(ExtensibilityGlobals) = postSolution
		SolutionGuid = {7660C8E4-C33F-4915-A99D-545B22A4937F}
	EndGlobalSection
EndGlobal
