
Microsoft Visual Studio Solution File, Format Version 12.00
# Visual Studio 15
VisualStudioVersion = 15.0.27703.2047
MinimumVisualStudioVersion = 10.0.40219.1
Project("{FAE04EC0-301F-11D3-BF4B-00C04F79EFBC}") = "AspNetVS2017.Capitulo01.Variaveis", "AspNetVS2017.Capitulo01.Variaveis\AspNetVS2017.Capitulo01.Variaveis.csproj", "{7A0E6BE4-01EE-4DE4-A178-50088C84EC78}"
EndProject
Project("{FAE04EC0-301F-11D3-BF4B-00C04F79EFBC}") = "AspNetVS2017.Capitulo01.Troco", "AspNetVS2017.Capitulo01.Troco\AspNetVS2017.Capitulo01.Troco.csproj", "{AF402B08-3CD9-468F-ACDA-C95DECE4D786}"
EndProject
Project("{FAE04EC0-301F-11D3-BF4B-00C04F79EFBC}") = "AspNetVS2017.Capitulo01.Calculo.Frete", "AspNetVS2017.Capitulo01.Calculo.Frete\AspNetVS2017.Capitulo01.Calculo.Frete.csproj", "{A9C18379-01FE-4A8E-A7C4-89480F53BCD5}"
EndProject
Project("{FAE04EC0-301F-11D3-BF4B-00C04F79EFBC}") = "AspNetVS2017.Capitulo01.Repeticao.Testes", "AspNetVS2017.Capitulo01.Repeticao.Testes\AspNetVS2017.Capitulo01.Repeticao.Testes.csproj", "{290F8C47-59B1-4C26-81C5-4832C03D9F3A}"
EndProject
Project("{FAE04EC0-301F-11D3-BF4B-00C04F79EFBC}") = "AspNetVS2017.Capitulo01.VetoresColecoes.Testes", "AspNetVS2017.Capitulo01.VetoresColecoes.Testes\AspNetVS2017.Capitulo01.VetoresColecoes.Testes.csproj", "{1663F58D-A2FC-4F01-BEA8-D38A65A36964}"
EndProject
Project("{2150E333-8FDC-42A3-9474-1A3956D46DE8}") = "Oficina", "Oficina", "{A1272F36-F84A-42E1-9503-F53CBAD097C6}"
EndProject
Project("{FAE04EC0-301F-11D3-BF4B-00C04F79EFBC}") = "Oficina.Dominio", "Oficina.Dominio\Oficina.Dominio.csproj", "{8A1E44F1-0F9E-4B8E-98AE-335B3A37084E}"
EndProject
Project("{FAE04EC0-301F-11D3-BF4B-00C04F79EFBC}") = "Oficina.Repositorios.SistemaArquivos", "Oficina.Repositorios\Oficina.Repositorios.SistemaArquivos.csproj", "{9BC9C0B8-8180-43B2-8603-8CFD5135D243}"
EndProject
Global
	GlobalSection(SolutionConfigurationPlatforms) = preSolution
		Debug|Any CPU = Debug|Any CPU
		Release|Any CPU = Release|Any CPU
	EndGlobalSection
	GlobalSection(ProjectConfigurationPlatforms) = postSolution
		{7A0E6BE4-01EE-4DE4-A178-50088C84EC78}.Debug|Any CPU.ActiveCfg = Debug|Any CPU
		{7A0E6BE4-01EE-4DE4-A178-50088C84EC78}.Debug|Any CPU.Build.0 = Debug|Any CPU
		{7A0E6BE4-01EE-4DE4-A178-50088C84EC78}.Release|Any CPU.ActiveCfg = Release|Any CPU
		{7A0E6BE4-01EE-4DE4-A178-50088C84EC78}.Release|Any CPU.Build.0 = Release|Any CPU
		{AF402B08-3CD9-468F-ACDA-C95DECE4D786}.Debug|Any CPU.ActiveCfg = Debug|Any CPU
		{AF402B08-3CD9-468F-ACDA-C95DECE4D786}.Debug|Any CPU.Build.0 = Debug|Any CPU
		{AF402B08-3CD9-468F-ACDA-C95DECE4D786}.Release|Any CPU.ActiveCfg = Release|Any CPU
		{AF402B08-3CD9-468F-ACDA-C95DECE4D786}.Release|Any CPU.Build.0 = Release|Any CPU
		{A9C18379-01FE-4A8E-A7C4-89480F53BCD5}.Debug|Any CPU.ActiveCfg = Debug|Any CPU
		{A9C18379-01FE-4A8E-A7C4-89480F53BCD5}.Debug|Any CPU.Build.0 = Debug|Any CPU
		{A9C18379-01FE-4A8E-A7C4-89480F53BCD5}.Release|Any CPU.ActiveCfg = Release|Any CPU
		{A9C18379-01FE-4A8E-A7C4-89480F53BCD5}.Release|Any CPU.Build.0 = Release|Any CPU
		{290F8C47-59B1-4C26-81C5-4832C03D9F3A}.Debug|Any CPU.ActiveCfg = Debug|Any CPU
		{290F8C47-59B1-4C26-81C5-4832C03D9F3A}.Debug|Any CPU.Build.0 = Debug|Any CPU
		{290F8C47-59B1-4C26-81C5-4832C03D9F3A}.Release|Any CPU.ActiveCfg = Release|Any CPU
		{290F8C47-59B1-4C26-81C5-4832C03D9F3A}.Release|Any CPU.Build.0 = Release|Any CPU
		{1663F58D-A2FC-4F01-BEA8-D38A65A36964}.Debug|Any CPU.ActiveCfg = Debug|Any CPU
		{1663F58D-A2FC-4F01-BEA8-D38A65A36964}.Debug|Any CPU.Build.0 = Debug|Any CPU
		{1663F58D-A2FC-4F01-BEA8-D38A65A36964}.Release|Any CPU.ActiveCfg = Release|Any CPU
		{1663F58D-A2FC-4F01-BEA8-D38A65A36964}.Release|Any CPU.Build.0 = Release|Any CPU
		{8A1E44F1-0F9E-4B8E-98AE-335B3A37084E}.Debug|Any CPU.ActiveCfg = Debug|Any CPU
		{8A1E44F1-0F9E-4B8E-98AE-335B3A37084E}.Debug|Any CPU.Build.0 = Debug|Any CPU
		{8A1E44F1-0F9E-4B8E-98AE-335B3A37084E}.Release|Any CPU.ActiveCfg = Release|Any CPU
		{8A1E44F1-0F9E-4B8E-98AE-335B3A37084E}.Release|Any CPU.Build.0 = Release|Any CPU
		{9BC9C0B8-8180-43B2-8603-8CFD5135D243}.Debug|Any CPU.ActiveCfg = Debug|Any CPU
		{9BC9C0B8-8180-43B2-8603-8CFD5135D243}.Debug|Any CPU.Build.0 = Debug|Any CPU
		{9BC9C0B8-8180-43B2-8603-8CFD5135D243}.Release|Any CPU.ActiveCfg = Release|Any CPU
		{9BC9C0B8-8180-43B2-8603-8CFD5135D243}.Release|Any CPU.Build.0 = Release|Any CPU
	EndGlobalSection
	GlobalSection(SolutionProperties) = preSolution
		HideSolutionNode = FALSE
	EndGlobalSection
	GlobalSection(NestedProjects) = preSolution
		{8A1E44F1-0F9E-4B8E-98AE-335B3A37084E} = {A1272F36-F84A-42E1-9503-F53CBAD097C6}
		{9BC9C0B8-8180-43B2-8603-8CFD5135D243} = {A1272F36-F84A-42E1-9503-F53CBAD097C6}
	EndGlobalSection
	GlobalSection(ExtensibilityGlobals) = postSolution
		SolutionGuid = {7660C8E4-C33F-4915-A99D-545B22A4937F}
	EndGlobalSection
EndGlobal
